
Microsoft Visual Studio Solution File, Format Version 12.00
# Visual Studio Version 16
VisualStudioVersion = 16.0.30503.244
MinimumVisualStudioVersion = 10.0.40219.1
Project("{FAE04EC0-301F-11D3-BF4B-00C04F79EFBC}") = "LaunchwaresUpdater", "LaunchwaresUpdater\LaunchwaresUpdater.csproj", "{BA88A130-9B8E-45CB-ADD0-51856155B670}"
EndProject
Global
	GlobalSection(SolutionConfigurationPlatforms) = preSolution
		Debug|Any CPU = Debug|Any CPU
		Release|Any CPU = Release|Any CPU
	EndGlobalSection
	GlobalSection(ProjectConfigurationPlatforms) = postSolution
		{BA88A130-9B8E-45CB-ADD0-51856155B670}.Debug|Any CPU.ActiveCfg = Debug|Any CPU
		{BA88A130-9B8E-45CB-ADD0-51856155B670}.Debug|Any CPU.Build.0 = Debug|Any CPU
		{BA88A130-9B8E-45CB-ADD0-51856155B670}.Release|Any CPU.ActiveCfg = Release|Any CPU
		{BA88A130-9B8E-45CB-ADD0-51856155B670}.Release|Any CPU.Build.0 = Release|Any CPU
	EndGlobalSection
	GlobalSection(SolutionProperties) = preSolution
		HideSolutionNode = FALSE
	EndGlobalSection
	GlobalSection(ExtensibilityGlobals) = postSolution
		SolutionGuid = {0B30238A-CCEA-40C7-B234-A68AEE5E031D}
	EndGlobalSection
EndGlobal
